// !$*UTF8*$!
{
	archiveVersion = 1;
	classes = {
	};
	objectVersion = 55;
	objects = {

/* Begin PBXBuildFile section */
		AF93960427FDD5310086B95A /* CameraData.swift in Sources */ = {isa = PBXBuildFile; fileRef = AF93960327FDD5310086B95A /* CameraData.swift */; };
		AFA0C1AC2806A966003EB8D7 /* TrackObject.swift in Sources */ = {isa = PBXBuildFile; fileRef = AFA0C1AB2806A966003EB8D7 /* TrackObject.swift */; };
		AFA0C1AD2806A966003EB8D7 /* TrackObject.swift in Sources */ = {isa = PBXBuildFile; fileRef = AFA0C1AB2806A966003EB8D7 /* TrackObject.swift */; };
		AFA0C1AF2806B240003EB8D7 /* AnchorEntitys.swift in Sources */ = {isa = PBXBuildFile; fileRef = AFA0C1AE2806B240003EB8D7 /* AnchorEntitys.swift */; };
		AFA0C1B02806B240003EB8D7 /* AnchorEntitys.swift in Sources */ = {isa = PBXBuildFile; fileRef = AFA0C1AE2806B240003EB8D7 /* AnchorEntitys.swift */; };
		AFAF940F27F3357E002EFFBA /* Tests_iOS.swift in Sources */ = {isa = PBXBuildFile; fileRef = AFAF940E27F3357E002EFFBA /* Tests_iOS.swift */; };
		AFAF941127F3357E002EFFBA /* Tests_iOSLaunchTests.swift in Sources */ = {isa = PBXBuildFile; fileRef = AFAF941027F3357E002EFFBA /* Tests_iOSLaunchTests.swift */; };
		AFAF941B27F3357E002EFFBA /* Tests_macOS.swift in Sources */ = {isa = PBXBuildFile; fileRef = AFAF941A27F3357E002EFFBA /* Tests_macOS.swift */; };
		AFAF941D27F3357E002EFFBA /* Tests_macOSLaunchTests.swift in Sources */ = {isa = PBXBuildFile; fileRef = AFAF941C27F3357E002EFFBA /* Tests_macOSLaunchTests.swift */; };
		AFAF941E27F3357E002EFFBA /* ProjectileAimApp.swift in Sources */ = {isa = PBXBuildFile; fileRef = AFAF93F627F3357B002EFFBA /* ProjectileAimApp.swift */; };
		AFAF941F27F3357E002EFFBA /* ProjectileAimApp.swift in Sources */ = {isa = PBXBuildFile; fileRef = AFAF93F627F3357B002EFFBA /* ProjectileAimApp.swift */; };
		AFAF942227F3357E002EFFBA /* Assets.xcassets in Resources */ = {isa = PBXBuildFile; fileRef = AFAF93F827F3357E002EFFBA /* Assets.xcassets */; };
		AFAF942327F3357E002EFFBA /* Assets.xcassets in Resources */ = {isa = PBXBuildFile; fileRef = AFAF93F827F3357E002EFFBA /* Assets.xcassets */; };
		C32CE83227FD7EFC001D6EDC /* FrameView.swift in Sources */ = {isa = PBXBuildFile; fileRef = C32CE82227FD7EFC001D6EDC /* FrameView.swift */; };
		C32CE83327FD7EFC001D6EDC /* FrameView.swift in Sources */ = {isa = PBXBuildFile; fileRef = C32CE82227FD7EFC001D6EDC /* FrameView.swift */; };
		C32CE83427FD7EFC001D6EDC /* ToggleButton.swift in Sources */ = {isa = PBXBuildFile; fileRef = C32CE82327FD7EFC001D6EDC /* ToggleButton.swift */; };
		C32CE83527FD7EFC001D6EDC /* ToggleButton.swift in Sources */ = {isa = PBXBuildFile; fileRef = C32CE82327FD7EFC001D6EDC /* ToggleButton.swift */; };
		C32CE83627FD7EFC001D6EDC /* ContentView.swift in Sources */ = {isa = PBXBuildFile; fileRef = C32CE82427FD7EFC001D6EDC /* ContentView.swift */; };
		C32CE83727FD7EFC001D6EDC /* ContentView.swift in Sources */ = {isa = PBXBuildFile; fileRef = C32CE82427FD7EFC001D6EDC /* ContentView.swift */; };
		C32CE83827FD7EFC001D6EDC /* ControlView.swift in Sources */ = {isa = PBXBuildFile; fileRef = C32CE82527FD7EFC001D6EDC /* ControlView.swift */; };
		C32CE83927FD7EFC001D6EDC /* ControlView.swift in Sources */ = {isa = PBXBuildFile; fileRef = C32CE82527FD7EFC001D6EDC /* ControlView.swift */; };
		C32CE83A27FD7EFC001D6EDC /* ErrorView.swift in Sources */ = {isa = PBXBuildFile; fileRef = C32CE82627FD7EFC001D6EDC /* ErrorView.swift */; };
		C32CE83B27FD7EFC001D6EDC /* ErrorView.swift in Sources */ = {isa = PBXBuildFile; fileRef = C32CE82627FD7EFC001D6EDC /* ErrorView.swift */; };
		C32CE83E27FD7EFC001D6EDC /* CGImageExtension.swift in Sources */ = {isa = PBXBuildFile; fileRef = C32CE82927FD7EFC001D6EDC /* CGImageExtension.swift */; };
		C32CE83F27FD7EFC001D6EDC /* CGImageExtension.swift in Sources */ = {isa = PBXBuildFile; fileRef = C32CE82927FD7EFC001D6EDC /* CGImageExtension.swift */; };
		C32CE84027FD7EFC001D6EDC /* TrackParabola.swift in Sources */ = {isa = PBXBuildFile; fileRef = C32CE82B27FD7EFC001D6EDC /* TrackParabola.swift */; };
		C32CE84127FD7EFC001D6EDC /* TrackParabola.swift in Sources */ = {isa = PBXBuildFile; fileRef = C32CE82B27FD7EFC001D6EDC /* TrackParabola.swift */; };
		C32CE84227FD7EFC001D6EDC /* CameraError.swift in Sources */ = {isa = PBXBuildFile; fileRef = C32CE82D27FD7EFC001D6EDC /* CameraError.swift */; };
		C32CE84327FD7EFC001D6EDC /* CameraError.swift in Sources */ = {isa = PBXBuildFile; fileRef = C32CE82D27FD7EFC001D6EDC /* CameraError.swift */; };
		C32CE84427FD7EFC001D6EDC /* FrameManager.swift in Sources */ = {isa = PBXBuildFile; fileRef = C32CE82E27FD7EFC001D6EDC /* FrameManager.swift */; };
		C32CE84527FD7EFC001D6EDC /* FrameManager.swift in Sources */ = {isa = PBXBuildFile; fileRef = C32CE82E27FD7EFC001D6EDC /* FrameManager.swift */; };
		C32CE84627FD7EFC001D6EDC /* CameraManager.swift in Sources */ = {isa = PBXBuildFile; fileRef = C32CE82F27FD7EFC001D6EDC /* CameraManager.swift */; };
		C32CE84727FD7EFC001D6EDC /* CameraManager.swift in Sources */ = {isa = PBXBuildFile; fileRef = C32CE82F27FD7EFC001D6EDC /* CameraManager.swift */; };
		C32CE84827FD7EFC001D6EDC /* ContentViewModel.swift in Sources */ = {isa = PBXBuildFile; fileRef = C32CE83127FD7EFC001D6EDC /* ContentViewModel.swift */; };
		C32CE84927FD7EFC001D6EDC /* ContentViewModel.swift in Sources */ = {isa = PBXBuildFile; fileRef = C32CE83127FD7EFC001D6EDC /* ContentViewModel.swift */; };
		C3CB44FC28227AAD00129597 /* data.json in Resources */ = {isa = PBXBuildFile; fileRef = C3CB44FB28227AAD00129597 /* data.json */; };
		C3CB44FD28227AAD00129597 /* data.json in Resources */ = {isa = PBXBuildFile; fileRef = C3CB44FB28227AAD00129597 /* data.json */; };
/* End PBXBuildFile section */

/* Begin PBXContainerItemProxy section */
		AFAF940B27F3357E002EFFBA /* PBXContainerItemProxy */ = {
			isa = PBXContainerItemProxy;
			containerPortal = AFAF93F127F3357B002EFFBA /* Project object */;
			proxyType = 1;
			remoteGlobalIDString = AFAF93FC27F3357E002EFFBA;
			remoteInfo = "ProjectileAim (iOS)";
		};
		AFAF941727F3357E002EFFBA /* PBXContainerItemProxy */ = {
			isa = PBXContainerItemProxy;
			containerPortal = AFAF93F127F3357B002EFFBA /* Project object */;
			proxyType = 1;
			remoteGlobalIDString = AFAF940227F3357E002EFFBA;
			remoteInfo = "ProjectileAim (macOS)";
		};
/* End PBXContainerItemProxy section */

/* Begin PBXFileReference section */
		AF93960327FDD5310086B95A /* CameraData.swift */ = {isa = PBXFileReference; lastKnownFileType = sourcecode.swift; path = CameraData.swift; sourceTree = "<group>"; };
		AFA0C1AB2806A966003EB8D7 /* TrackObject.swift */ = {isa = PBXFileReference; lastKnownFileType = sourcecode.swift; path = TrackObject.swift; sourceTree = "<group>"; };
		AFA0C1AE2806B240003EB8D7 /* AnchorEntitys.swift */ = {isa = PBXFileReference; lastKnownFileType = sourcecode.swift; path = AnchorEntitys.swift; sourceTree = "<group>"; };
		AFAF93F627F3357B002EFFBA /* ProjectileAimApp.swift */ = {isa = PBXFileReference; lastKnownFileType = sourcecode.swift; path = ProjectileAimApp.swift; sourceTree = "<group>"; };
		AFAF93F827F3357E002EFFBA /* Assets.xcassets */ = {isa = PBXFileReference; lastKnownFileType = folder.assetcatalog; path = Assets.xcassets; sourceTree = "<group>"; };
		AFAF93FD27F3357E002EFFBA /* ProjectileAim.app */ = {isa = PBXFileReference; explicitFileType = wrapper.application; includeInIndex = 0; path = ProjectileAim.app; sourceTree = BUILT_PRODUCTS_DIR; };
		AFAF940327F3357E002EFFBA /* ProjectileAim.app */ = {isa = PBXFileReference; explicitFileType = wrapper.application; includeInIndex = 0; path = ProjectileAim.app; sourceTree = BUILT_PRODUCTS_DIR; };
		AFAF940527F3357E002EFFBA /* macOS.entitlements */ = {isa = PBXFileReference; lastKnownFileType = text.plist.entitlements; path = macOS.entitlements; sourceTree = "<group>"; };
		AFAF940A27F3357E002EFFBA /* Tests iOS.xctest */ = {isa = PBXFileReference; explicitFileType = wrapper.cfbundle; includeInIndex = 0; path = "Tests iOS.xctest"; sourceTree = BUILT_PRODUCTS_DIR; };
		AFAF940E27F3357E002EFFBA /* Tests_iOS.swift */ = {isa = PBXFileReference; lastKnownFileType = sourcecode.swift; path = Tests_iOS.swift; sourceTree = "<group>"; };
		AFAF941027F3357E002EFFBA /* Tests_iOSLaunchTests.swift */ = {isa = PBXFileReference; lastKnownFileType = sourcecode.swift; path = Tests_iOSLaunchTests.swift; sourceTree = "<group>"; };
		AFAF941627F3357E002EFFBA /* Tests macOS.xctest */ = {isa = PBXFileReference; explicitFileType = wrapper.cfbundle; includeInIndex = 0; path = "Tests macOS.xctest"; sourceTree = BUILT_PRODUCTS_DIR; };
		AFAF941A27F3357E002EFFBA /* Tests_macOS.swift */ = {isa = PBXFileReference; lastKnownFileType = sourcecode.swift; path = Tests_macOS.swift; sourceTree = "<group>"; };
		AFAF941C27F3357E002EFFBA /* Tests_macOSLaunchTests.swift */ = {isa = PBXFileReference; lastKnownFileType = sourcecode.swift; path = Tests_macOSLaunchTests.swift; sourceTree = "<group>"; };
		C32CE82227FD7EFC001D6EDC /* FrameView.swift */ = {isa = PBXFileReference; fileEncoding = 4; lastKnownFileType = sourcecode.swift; path = FrameView.swift; sourceTree = "<group>"; };
		C32CE82327FD7EFC001D6EDC /* ToggleButton.swift */ = {isa = PBXFileReference; fileEncoding = 4; lastKnownFileType = sourcecode.swift; path = ToggleButton.swift; sourceTree = "<group>"; };
		C32CE82427FD7EFC001D6EDC /* ContentView.swift */ = {isa = PBXFileReference; fileEncoding = 4; lastKnownFileType = sourcecode.swift; path = ContentView.swift; sourceTree = "<group>"; };
		C32CE82527FD7EFC001D6EDC /* ControlView.swift */ = {isa = PBXFileReference; fileEncoding = 4; lastKnownFileType = sourcecode.swift; path = ControlView.swift; sourceTree = "<group>"; };
		C32CE82627FD7EFC001D6EDC /* ErrorView.swift */ = {isa = PBXFileReference; fileEncoding = 4; lastKnownFileType = sourcecode.swift; path = ErrorView.swift; sourceTree = "<group>"; };
		C32CE82927FD7EFC001D6EDC /* CGImageExtension.swift */ = {isa = PBXFileReference; fileEncoding = 4; lastKnownFileType = sourcecode.swift; path = CGImageExtension.swift; sourceTree = "<group>"; };
		C32CE82B27FD7EFC001D6EDC /* TrackParabola.swift */ = {isa = PBXFileReference; fileEncoding = 4; lastKnownFileType = sourcecode.swift; path = TrackParabola.swift; sourceTree = "<group>"; };
		C32CE82D27FD7EFC001D6EDC /* CameraError.swift */ = {isa = PBXFileReference; fileEncoding = 4; lastKnownFileType = sourcecode.swift; path = CameraError.swift; sourceTree = "<group>"; };
		C32CE82E27FD7EFC001D6EDC /* FrameManager.swift */ = {isa = PBXFileReference; fileEncoding = 4; lastKnownFileType = sourcecode.swift; path = FrameManager.swift; sourceTree = "<group>"; };
		C32CE82F27FD7EFC001D6EDC /* CameraManager.swift */ = {isa = PBXFileReference; fileEncoding = 4; lastKnownFileType = sourcecode.swift; path = CameraManager.swift; sourceTree = "<group>"; };
		C32CE83127FD7EFC001D6EDC /* ContentViewModel.swift */ = {isa = PBXFileReference; fileEncoding = 4; lastKnownFileType = sourcecode.swift; path = ContentViewModel.swift; sourceTree = "<group>"; };
		C3CB44FB28227AAD00129597 /* data.json */ = {isa = PBXFileReference; lastKnownFileType = text.json; path = data.json; sourceTree = "<group>"; };
/* End PBXFileReference section */

/* Begin PBXFrameworksBuildPhase section */
		AFAF93FA27F3357E002EFFBA /* Frameworks */ = {
			isa = PBXFrameworksBuildPhase;
			buildActionMask = 2147483647;
			files = (
			);
			runOnlyForDeploymentPostprocessing = 0;
		};
		AFAF940027F3357E002EFFBA /* Frameworks */ = {
			isa = PBXFrameworksBuildPhase;
			buildActionMask = 2147483647;
			files = (
			);
			runOnlyForDeploymentPostprocessing = 0;
		};
		AFAF940727F3357E002EFFBA /* Frameworks */ = {
			isa = PBXFrameworksBuildPhase;
			buildActionMask = 2147483647;
			files = (
			);
			runOnlyForDeploymentPostprocessing = 0;
		};
		AFAF941327F3357E002EFFBA /* Frameworks */ = {
			isa = PBXFrameworksBuildPhase;
			buildActionMask = 2147483647;
			files = (
			);
			runOnlyForDeploymentPostprocessing = 0;
		};
/* End PBXFrameworksBuildPhase section */

/* Begin PBXGroup section */
		AF93960227FDD50E0086B95A /* Depth */ = {
			isa = PBXGroup;
			children = (
				AF93960327FDD5310086B95A /* CameraData.swift */,
			);
			path = Depth;
			sourceTree = "<group>";
		};
		AFAF93F027F3357B002EFFBA = {
			isa = PBXGroup;
			children = (
				AFAF93F527F3357B002EFFBA /* Shared */,
				AFAF940427F3357E002EFFBA /* macOS */,
				AFAF940D27F3357E002EFFBA /* Tests iOS */,
				AFAF941927F3357E002EFFBA /* Tests macOS */,
				AFAF93FE27F3357E002EFFBA /* Products */,
			);
			sourceTree = "<group>";
		};
		AFAF93F527F3357B002EFFBA /* Shared */ = {
			isa = PBXGroup;
			children = (
				AF93960227FDD50E0086B95A /* Depth */,
				C32CE82C27FD7EFC001D6EDC /* Camera */,
				C32CE82827FD7EFC001D6EDC /* Extensions */,
				C32CE83027FD7EFC001D6EDC /* ViewModels */,
				C32CE82127FD7EFC001D6EDC /* Views */,
				C32CE82A27FD7EFC001D6EDC /* Vision */,
				AFAF93F627F3357B002EFFBA /* ProjectileAimApp.swift */,
				AFAF93F827F3357E002EFFBA /* Assets.xcassets */,
				C3CB44FB28227AAD00129597 /* data.json */,
			);
			path = Shared;
			sourceTree = "<group>";
		};
		AFAF93FE27F3357E002EFFBA /* Products */ = {
			isa = PBXGroup;
			children = (
				AFAF93FD27F3357E002EFFBA /* ProjectileAim.app */,
				AFAF940327F3357E002EFFBA /* ProjectileAim.app */,
				AFAF940A27F3357E002EFFBA /* Tests iOS.xctest */,
				AFAF941627F3357E002EFFBA /* Tests macOS.xctest */,
			);
			name = Products;
			sourceTree = "<group>";
		};
		AFAF940427F3357E002EFFBA /* macOS */ = {
			isa = PBXGroup;
			children = (
				AFAF940527F3357E002EFFBA /* macOS.entitlements */,
			);
			path = macOS;
			sourceTree = "<group>";
		};
		AFAF940D27F3357E002EFFBA /* Tests iOS */ = {
			isa = PBXGroup;
			children = (
				AFAF940E27F3357E002EFFBA /* Tests_iOS.swift */,
				AFAF941027F3357E002EFFBA /* Tests_iOSLaunchTests.swift */,
			);
			path = "Tests iOS";
			sourceTree = "<group>";
		};
		AFAF941927F3357E002EFFBA /* Tests macOS */ = {
			isa = PBXGroup;
			children = (
				AFAF941A27F3357E002EFFBA /* Tests_macOS.swift */,
				AFAF941C27F3357E002EFFBA /* Tests_macOSLaunchTests.swift */,
			);
			path = "Tests macOS";
			sourceTree = "<group>";
		};
		C32CE82127FD7EFC001D6EDC /* Views */ = {
			isa = PBXGroup;
			children = (
				C32CE82227FD7EFC001D6EDC /* FrameView.swift */,
				C32CE82327FD7EFC001D6EDC /* ToggleButton.swift */,
				C32CE82427FD7EFC001D6EDC /* ContentView.swift */,
				C32CE82527FD7EFC001D6EDC /* ControlView.swift */,
				C32CE82627FD7EFC001D6EDC /* ErrorView.swift */,
				AFA0C1AE2806B240003EB8D7 /* AnchorEntitys.swift */,
			);
			path = Views;
			sourceTree = "<group>";
		};
		C32CE82827FD7EFC001D6EDC /* Extensions */ = {
			isa = PBXGroup;
			children = (
				C32CE82927FD7EFC001D6EDC /* CGImageExtension.swift */,
			);
			path = Extensions;
			sourceTree = "<group>";
		};
		C32CE82A27FD7EFC001D6EDC /* Vision */ = {
			isa = PBXGroup;
			children = (
				C32CE82B27FD7EFC001D6EDC /* TrackParabola.swift */,
				AFA0C1AB2806A966003EB8D7 /* TrackObject.swift */,
			);
			path = Vision;
			sourceTree = "<group>";
		};
		C32CE82C27FD7EFC001D6EDC /* Camera */ = {
			isa = PBXGroup;
			children = (
				C32CE82D27FD7EFC001D6EDC /* CameraError.swift */,
				C32CE82E27FD7EFC001D6EDC /* FrameManager.swift */,
				C32CE82F27FD7EFC001D6EDC /* CameraManager.swift */,
			);
			path = Camera;
			sourceTree = "<group>";
		};
		C32CE83027FD7EFC001D6EDC /* ViewModels */ = {
			isa = PBXGroup;
			children = (
				C32CE83127FD7EFC001D6EDC /* ContentViewModel.swift */,
			);
			path = ViewModels;
			sourceTree = "<group>";
		};
/* End PBXGroup section */

/* Begin PBXNativeTarget section */
		AFAF93FC27F3357E002EFFBA /* ProjectileAim (iOS) */ = {
			isa = PBXNativeTarget;
			buildConfigurationList = AFAF942627F3357E002EFFBA /* Build configuration list for PBXNativeTarget "ProjectileAim (iOS)" */;
			buildPhases = (
				AFAF93F927F3357E002EFFBA /* Sources */,
				AFAF93FA27F3357E002EFFBA /* Frameworks */,
				AFAF93FB27F3357E002EFFBA /* Resources */,
			);
			buildRules = (
			);
			dependencies = (
			);
			name = "ProjectileAim (iOS)";
			productName = "ProjectileAim (iOS)";
			productReference = AFAF93FD27F3357E002EFFBA /* ProjectileAim.app */;
			productType = "com.apple.product-type.application";
		};
		AFAF940227F3357E002EFFBA /* ProjectileAim (macOS) */ = {
			isa = PBXNativeTarget;
			buildConfigurationList = AFAF942927F3357E002EFFBA /* Build configuration list for PBXNativeTarget "ProjectileAim (macOS)" */;
			buildPhases = (
				AFAF93FF27F3357E002EFFBA /* Sources */,
				AFAF940027F3357E002EFFBA /* Frameworks */,
				AFAF940127F3357E002EFFBA /* Resources */,
			);
			buildRules = (
			);
			dependencies = (
			);
			name = "ProjectileAim (macOS)";
			productName = "ProjectileAim (macOS)";
			productReference = AFAF940327F3357E002EFFBA /* ProjectileAim.app */;
			productType = "com.apple.product-type.application";
		};
		AFAF940927F3357E002EFFBA /* Tests iOS */ = {
			isa = PBXNativeTarget;
			buildConfigurationList = AFAF942C27F3357E002EFFBA /* Build configuration list for PBXNativeTarget "Tests iOS" */;
			buildPhases = (
				AFAF940627F3357E002EFFBA /* Sources */,
				AFAF940727F3357E002EFFBA /* Frameworks */,
				AFAF940827F3357E002EFFBA /* Resources */,
			);
			buildRules = (
			);
			dependencies = (
				AFAF940C27F3357E002EFFBA /* PBXTargetDependency */,
			);
			name = "Tests iOS";
			productName = "Tests iOS";
			productReference = AFAF940A27F3357E002EFFBA /* Tests iOS.xctest */;
			productType = "com.apple.product-type.bundle.ui-testing";
		};
		AFAF941527F3357E002EFFBA /* Tests macOS */ = {
			isa = PBXNativeTarget;
			buildConfigurationList = AFAF942F27F3357E002EFFBA /* Build configuration list for PBXNativeTarget "Tests macOS" */;
			buildPhases = (
				AFAF941227F3357E002EFFBA /* Sources */,
				AFAF941327F3357E002EFFBA /* Frameworks */,
				AFAF941427F3357E002EFFBA /* Resources */,
			);
			buildRules = (
			);
			dependencies = (
				AFAF941827F3357E002EFFBA /* PBXTargetDependency */,
			);
			name = "Tests macOS";
			productName = "Tests macOS";
			productReference = AFAF941627F3357E002EFFBA /* Tests macOS.xctest */;
			productType = "com.apple.product-type.bundle.ui-testing";
		};
/* End PBXNativeTarget section */

/* Begin PBXProject section */
		AFAF93F127F3357B002EFFBA /* Project object */ = {
			isa = PBXProject;
			attributes = {
				BuildIndependentTargetsInParallel = 1;
				LastSwiftUpdateCheck = 1330;
				LastUpgradeCheck = 1330;
				TargetAttributes = {
					AFAF93FC27F3357E002EFFBA = {
						CreatedOnToolsVersion = 13.3;
					};
					AFAF940227F3357E002EFFBA = {
						CreatedOnToolsVersion = 13.3;
					};
					AFAF940927F3357E002EFFBA = {
						CreatedOnToolsVersion = 13.3;
						TestTargetID = AFAF93FC27F3357E002EFFBA;
					};
					AFAF941527F3357E002EFFBA = {
						CreatedOnToolsVersion = 13.3;
						TestTargetID = AFAF940227F3357E002EFFBA;
					};
				};
			};
			buildConfigurationList = AFAF93F427F3357B002EFFBA /* Build configuration list for PBXProject "ProjectileAim" */;
			compatibilityVersion = "Xcode 13.0";
			developmentRegion = en;
			hasScannedForEncodings = 0;
			knownRegions = (
				en,
				Base,
			);
			mainGroup = AFAF93F027F3357B002EFFBA;
			productRefGroup = AFAF93FE27F3357E002EFFBA /* Products */;
			projectDirPath = "";
			projectRoot = "";
			targets = (
				AFAF93FC27F3357E002EFFBA /* ProjectileAim (iOS) */,
				AFAF940227F3357E002EFFBA /* ProjectileAim (macOS) */,
				AFAF940927F3357E002EFFBA /* Tests iOS */,
				AFAF941527F3357E002EFFBA /* Tests macOS */,
			);
		};
/* End PBXProject section */

/* Begin PBXResourcesBuildPhase section */
		AFAF93FB27F3357E002EFFBA /* Resources */ = {
			isa = PBXResourcesBuildPhase;
			buildActionMask = 2147483647;
			files = (
				AFAF942227F3357E002EFFBA /* Assets.xcassets in Resources */,
				C3CB44FC28227AAD00129597 /* data.json in Resources */,
			);
			runOnlyForDeploymentPostprocessing = 0;
		};
		AFAF940127F3357E002EFFBA /* Resources */ = {
			isa = PBXResourcesBuildPhase;
			buildActionMask = 2147483647;
			files = (
				AFAF942327F3357E002EFFBA /* Assets.xcassets in Resources */,
				C3CB44FD28227AAD00129597 /* data.json in Resources */,
			);
			runOnlyForDeploymentPostprocessing = 0;
		};
		AFAF940827F3357E002EFFBA /* Resources */ = {
			isa = PBXResourcesBuildPhase;
			buildActionMask = 2147483647;
			files = (
			);
			runOnlyForDeploymentPostprocessing = 0;
		};
		AFAF941427F3357E002EFFBA /* Resources */ = {
			isa = PBXResourcesBuildPhase;
			buildActionMask = 2147483647;
			files = (
			);
			runOnlyForDeploymentPostprocessing = 0;
		};
/* End PBXResourcesBuildPhase section */

/* Begin PBXSourcesBuildPhase section */
		AFAF93F927F3357E002EFFBA /* Sources */ = {
			isa = PBXSourcesBuildPhase;
			buildActionMask = 2147483647;
			files = (
				AFA0C1AC2806A966003EB8D7 /* TrackObject.swift in Sources */,
				C32CE83227FD7EFC001D6EDC /* FrameView.swift in Sources */,
				C32CE84627FD7EFC001D6EDC /* CameraManager.swift in Sources */,
				AFA0C1AF2806B240003EB8D7 /* AnchorEntitys.swift in Sources */,
				C32CE84227FD7EFC001D6EDC /* CameraError.swift in Sources */,
				C32CE84027FD7EFC001D6EDC /* TrackParabola.swift in Sources */,
				C32CE83627FD7EFC001D6EDC /* ContentView.swift in Sources */,
				AFAF941E27F3357E002EFFBA /* ProjectileAimApp.swift in Sources */,
				C32CE83E27FD7EFC001D6EDC /* CGImageExtension.swift in Sources */,
				C32CE84427FD7EFC001D6EDC /* FrameManager.swift in Sources */,
				AF93960427FDD5310086B95A /* CameraData.swift in Sources */,
				C32CE83A27FD7EFC001D6EDC /* ErrorView.swift in Sources */,
				C32CE84827FD7EFC001D6EDC /* ContentViewModel.swift in Sources */,
				C32CE83827FD7EFC001D6EDC /* ControlView.swift in Sources */,
				C32CE83427FD7EFC001D6EDC /* ToggleButton.swift in Sources */,
			);
			runOnlyForDeploymentPostprocessing = 0;
		};
		AFAF93FF27F3357E002EFFBA /* Sources */ = {
			isa = PBXSourcesBuildPhase;
			buildActionMask = 2147483647;
			files = (
				C32CE83327FD7EFC001D6EDC /* FrameView.swift in Sources */,
				C32CE84727FD7EFC001D6EDC /* CameraManager.swift in Sources */,
				C32CE84327FD7EFC001D6EDC /* CameraError.swift in Sources */,
				C32CE84127FD7EFC001D6EDC /* TrackParabola.swift in Sources */,
				C32CE83727FD7EFC001D6EDC /* ContentView.swift in Sources */,
				AFAF941F27F3357E002EFFBA /* ProjectileAimApp.swift in Sources */,
				C32CE83F27FD7EFC001D6EDC /* CGImageExtension.swift in Sources */,
				AFA0C1AD2806A966003EB8D7 /* TrackObject.swift in Sources */,
				C32CE84527FD7EFC001D6EDC /* FrameManager.swift in Sources */,
				C32CE83B27FD7EFC001D6EDC /* ErrorView.swift in Sources */,
				C32CE84927FD7EFC001D6EDC /* ContentViewModel.swift in Sources */,
				C32CE83927FD7EFC001D6EDC /* ControlView.swift in Sources */,
				C32CE83527FD7EFC001D6EDC /* ToggleButton.swift in Sources */,
				AFA0C1B02806B240003EB8D7 /* AnchorEntitys.swift in Sources */,
			);
			runOnlyForDeploymentPostprocessing = 0;
		};
		AFAF940627F3357E002EFFBA /* Sources */ = {
			isa = PBXSourcesBuildPhase;
			buildActionMask = 2147483647;
			files = (
				AFAF941127F3357E002EFFBA /* Tests_iOSLaunchTests.swift in Sources */,
				AFAF940F27F3357E002EFFBA /* Tests_iOS.swift in Sources */,
			);
			runOnlyForDeploymentPostprocessing = 0;
		};
		AFAF941227F3357E002EFFBA /* Sources */ = {
			isa = PBXSourcesBuildPhase;
			buildActionMask = 2147483647;
			files = (
				AFAF941D27F3357E002EFFBA /* Tests_macOSLaunchTests.swift in Sources */,
				AFAF941B27F3357E002EFFBA /* Tests_macOS.swift in Sources */,
			);
			runOnlyForDeploymentPostprocessing = 0;
		};
/* End PBXSourcesBuildPhase section */

/* Begin PBXTargetDependency section */
		AFAF940C27F3357E002EFFBA /* PBXTargetDependency */ = {
			isa = PBXTargetDependency;
			target = AFAF93FC27F3357E002EFFBA /* ProjectileAim (iOS) */;
			targetProxy = AFAF940B27F3357E002EFFBA /* PBXContainerItemProxy */;
		};
		AFAF941827F3357E002EFFBA /* PBXTargetDependency */ = {
			isa = PBXTargetDependency;
			target = AFAF940227F3357E002EFFBA /* ProjectileAim (macOS) */;
			targetProxy = AFAF941727F3357E002EFFBA /* PBXContainerItemProxy */;
		};
/* End PBXTargetDependency section */

/* Begin XCBuildConfiguration section */
		AFAF942427F3357E002EFFBA /* Debug */ = {
			isa = XCBuildConfiguration;
			buildSettings = {
				ALWAYS_SEARCH_USER_PATHS = NO;
				CLANG_ANALYZER_NONNULL = YES;
				CLANG_ANALYZER_NUMBER_OBJECT_CONVERSION = YES_AGGRESSIVE;
				CLANG_CXX_LANGUAGE_STANDARD = "gnu++17";
				CLANG_ENABLE_MODULES = YES;
				CLANG_ENABLE_OBJC_ARC = YES;
				CLANG_ENABLE_OBJC_WEAK = YES;
				CLANG_WARN_BLOCK_CAPTURE_AUTORELEASING = YES;
				CLANG_WARN_BOOL_CONVERSION = YES;
				CLANG_WARN_COMMA = YES;
				CLANG_WARN_CONSTANT_CONVERSION = YES;
				CLANG_WARN_DEPRECATED_OBJC_IMPLEMENTATIONS = YES;
				CLANG_WARN_DIRECT_OBJC_ISA_USAGE = YES_ERROR;
				CLANG_WARN_DOCUMENTATION_COMMENTS = YES;
				CLANG_WARN_EMPTY_BODY = YES;
				CLANG_WARN_ENUM_CONVERSION = YES;
				CLANG_WARN_INFINITE_RECURSION = YES;
				CLANG_WARN_INT_CONVERSION = YES;
				CLANG_WARN_NON_LITERAL_NULL_CONVERSION = YES;
				CLANG_WARN_OBJC_IMPLICIT_RETAIN_SELF = YES;
				CLANG_WARN_OBJC_LITERAL_CONVERSION = YES;
				CLANG_WARN_OBJC_ROOT_CLASS = YES_ERROR;
				CLANG_WARN_QUOTED_INCLUDE_IN_FRAMEWORK_HEADER = YES;
				CLANG_WARN_RANGE_LOOP_ANALYSIS = YES;
				CLANG_WARN_STRICT_PROTOTYPES = YES;
				CLANG_WARN_SUSPICIOUS_MOVE = YES;
				CLANG_WARN_UNGUARDED_AVAILABILITY = YES_AGGRESSIVE;
				CLANG_WARN_UNREACHABLE_CODE = YES;
				CLANG_WARN__DUPLICATE_METHOD_MATCH = YES;
				COPY_PHASE_STRIP = NO;
				DEBUG_INFORMATION_FORMAT = dwarf;
				ENABLE_STRICT_OBJC_MSGSEND = YES;
				ENABLE_TESTABILITY = YES;
				GCC_C_LANGUAGE_STANDARD = gnu11;
				GCC_DYNAMIC_NO_PIC = NO;
				GCC_NO_COMMON_BLOCKS = YES;
				GCC_OPTIMIZATION_LEVEL = 0;
				GCC_PREPROCESSOR_DEFINITIONS = (
					"DEBUG=1",
					"$(inherited)",
				);
				GCC_WARN_64_TO_32_BIT_CONVERSION = YES;
				GCC_WARN_ABOUT_RETURN_TYPE = YES_ERROR;
				GCC_WARN_UNDECLARED_SELECTOR = YES;
				GCC_WARN_UNINITIALIZED_AUTOS = YES_AGGRESSIVE;
				GCC_WARN_UNUSED_FUNCTION = YES;
				GCC_WARN_UNUSED_VARIABLE = YES;
				MTL_ENABLE_DEBUG_INFO = INCLUDE_SOURCE;
				MTL_FAST_MATH = YES;
				ONLY_ACTIVE_ARCH = YES;
				SWIFT_ACTIVE_COMPILATION_CONDITIONS = DEBUG;
				SWIFT_OPTIMIZATION_LEVEL = "-Onone";
			};
			name = Debug;
		};
		AFAF942527F3357E002EFFBA /* Release */ = {
			isa = XCBuildConfiguration;
			buildSettings = {
				ALWAYS_SEARCH_USER_PATHS = NO;
				CLANG_ANALYZER_NONNULL = YES;
				CLANG_ANALYZER_NUMBER_OBJECT_CONVERSION = YES_AGGRESSIVE;
				CLANG_CXX_LANGUAGE_STANDARD = "gnu++17";
				CLANG_ENABLE_MODULES = YES;
				CLANG_ENABLE_OBJC_ARC = YES;
				CLANG_ENABLE_OBJC_WEAK = YES;
				CLANG_WARN_BLOCK_CAPTURE_AUTORELEASING = YES;
				CLANG_WARN_BOOL_CONVERSION = YES;
				CLANG_WARN_COMMA = YES;
				CLANG_WARN_CONSTANT_CONVERSION = YES;
				CLANG_WARN_DEPRECATED_OBJC_IMPLEMENTATIONS = YES;
				CLANG_WARN_DIRECT_OBJC_ISA_USAGE = YES_ERROR;
				CLANG_WARN_DOCUMENTATION_COMMENTS = YES;
				CLANG_WARN_EMPTY_BODY = YES;
				CLANG_WARN_ENUM_CONVERSION = YES;
				CLANG_WARN_INFINITE_RECURSION = YES;
				CLANG_WARN_INT_CONVERSION = YES;
				CLANG_WARN_NON_LITERAL_NULL_CONVERSION = YES;
				CLANG_WARN_OBJC_IMPLICIT_RETAIN_SELF = YES;
				CLANG_WARN_OBJC_LITERAL_CONVERSION = YES;
				CLANG_WARN_OBJC_ROOT_CLASS = YES_ERROR;
				CLANG_WARN_QUOTED_INCLUDE_IN_FRAMEWORK_HEADER = YES;
				CLANG_WARN_RANGE_LOOP_ANALYSIS = YES;
				CLANG_WARN_STRICT_PROTOTYPES = YES;
				CLANG_WARN_SUSPICIOUS_MOVE = YES;
				CLANG_WARN_UNGUARDED_AVAILABILITY = YES_AGGRESSIVE;
				CLANG_WARN_UNREACHABLE_CODE = YES;
				CLANG_WARN__DUPLICATE_METHOD_MATCH = YES;
				COPY_PHASE_STRIP = NO;
				DEBUG_INFORMATION_FORMAT = "dwarf-with-dsym";
				ENABLE_NS_ASSERTIONS = NO;
				ENABLE_STRICT_OBJC_MSGSEND = YES;
				GCC_C_LANGUAGE_STANDARD = gnu11;
				GCC_NO_COMMON_BLOCKS = YES;
				GCC_WARN_64_TO_32_BIT_CONVERSION = YES;
				GCC_WARN_ABOUT_RETURN_TYPE = YES_ERROR;
				GCC_WARN_UNDECLARED_SELECTOR = YES;
				GCC_WARN_UNINITIALIZED_AUTOS = YES_AGGRESSIVE;
				GCC_WARN_UNUSED_FUNCTION = YES;
				GCC_WARN_UNUSED_VARIABLE = YES;
				MTL_ENABLE_DEBUG_INFO = NO;
				MTL_FAST_MATH = YES;
				SWIFT_COMPILATION_MODE = wholemodule;
				SWIFT_OPTIMIZATION_LEVEL = "-O";
			};
			name = Release;
		};
		AFAF942727F3357E002EFFBA /* Debug */ = {
			isa = XCBuildConfiguration;
			buildSettings = {
				ASSETCATALOG_COMPILER_APPICON_NAME = AppIcon;
				ASSETCATALOG_COMPILER_GLOBAL_ACCENT_COLOR_NAME = AccentColor;
				CODE_SIGN_STYLE = Automatic;
				CURRENT_PROJECT_VERSION = 1;
				DEVELOPMENT_TEAM = MBM9A5ZST5;
				ENABLE_PREVIEWS = YES;
				GENERATE_INFOPLIST_FILE = YES;
				INFOPLIST_KEY_NSCameraUsageDescription = "";
				INFOPLIST_KEY_UIApplicationSceneManifest_Generation = YES;
				INFOPLIST_KEY_UIApplicationSupportsIndirectInputEvents = YES;
				INFOPLIST_KEY_UILaunchScreen_Generation = YES;
				INFOPLIST_KEY_UISupportedInterfaceOrientations_iPad = "UIInterfaceOrientationPortrait UIInterfaceOrientationPortraitUpsideDown UIInterfaceOrientationLandscapeLeft UIInterfaceOrientationLandscapeRight";
				INFOPLIST_KEY_UISupportedInterfaceOrientations_iPhone = "UIInterfaceOrientationPortrait UIInterfaceOrientationLandscapeLeft UIInterfaceOrientationLandscapeRight";
				IPHONEOS_DEPLOYMENT_TARGET = 15.4;
				LD_RUNPATH_SEARCH_PATHS = (
					"$(inherited)",
					"@executable_path/Frameworks",
				);
				MARKETING_VERSION = 1.0;
				PRODUCT_BUNDLE_IDENTIFIER = com.mikaelWaninger.ProjectileAim;
				PRODUCT_NAME = ProjectileAim;
				SDKROOT = iphoneos;
				SWIFT_EMIT_LOC_STRINGS = YES;
				SWIFT_VERSION = 5.0;
				TARGETED_DEVICE_FAMILY = "1,2";
			};
			name = Debug;
		};
		AFAF942827F3357E002EFFBA /* Release */ = {
			isa = XCBuildConfiguration;
			buildSettings = {
				ASSETCATALOG_COMPILER_APPICON_NAME = AppIcon;
				ASSETCATALOG_COMPILER_GLOBAL_ACCENT_COLOR_NAME = AccentColor;
				CODE_SIGN_STYLE = Automatic;
				CURRENT_PROJECT_VERSION = 1;
				DEVELOPMENT_TEAM = MBM9A5ZST5;
				ENABLE_PREVIEWS = YES;
				GENERATE_INFOPLIST_FILE = YES;
				INFOPLIST_KEY_NSCameraUsageDescription = "";
				INFOPLIST_KEY_UIApplicationSceneManifest_Generation = YES;
				INFOPLIST_KEY_UIApplicationSupportsIndirectInputEvents = YES;
				INFOPLIST_KEY_UILaunchScreen_Generation = YES;
				INFOPLIST_KEY_UISupportedInterfaceOrientations_iPad = "UIInterfaceOrientationPortrait UIInterfaceOrientationPortraitUpsideDown UIInterfaceOrientationLandscapeLeft UIInterfaceOrientationLandscapeRight";
				INFOPLIST_KEY_UISupportedInterfaceOrientations_iPhone = "UIInterfaceOrientationPortrait UIInterfaceOrientationLandscapeLeft UIInterfaceOrientationLandscapeRight";
				IPHONEOS_DEPLOYMENT_TARGET = 15.4;
				LD_RUNPATH_SEARCH_PATHS = (
					"$(inherited)",
					"@executable_path/Frameworks",
				);
				MARKETING_VERSION = 1.0;
				PRODUCT_BUNDLE_IDENTIFIER = com.mikaelWaninger.ProjectileAim;
				PRODUCT_NAME = ProjectileAim;
				SDKROOT = iphoneos;
				SWIFT_EMIT_LOC_STRINGS = YES;
				SWIFT_VERSION = 5.0;
				TARGETED_DEVICE_FAMILY = "1,2";
				VALIDATE_PRODUCT = YES;
			};
			name = Release;
		};
		AFAF942A27F3357E002EFFBA /* Debug */ = {
			isa = XCBuildConfiguration;
			buildSettings = {
				ASSETCATALOG_COMPILER_APPICON_NAME = AppIcon;
				ASSETCATALOG_COMPILER_GLOBAL_ACCENT_COLOR_NAME = AccentColor;
				CODE_SIGN_ENTITLEMENTS = macOS/macOS.entitlements;
				CODE_SIGN_STYLE = Automatic;
				COMBINE_HIDPI_IMAGES = YES;
				CURRENT_PROJECT_VERSION = 1;
				ENABLE_PREVIEWS = YES;
				GENERATE_INFOPLIST_FILE = YES;
				INFOPLIST_KEY_NSHumanReadableCopyright = "";
				LD_RUNPATH_SEARCH_PATHS = (
					"$(inherited)",
					"@executable_path/../Frameworks",
				);
				MACOSX_DEPLOYMENT_TARGET = 12.3;
				MARKETING_VERSION = 1.0;
				PRODUCT_BUNDLE_IDENTIFIER = Project.ProjectileAim;
				PRODUCT_NAME = ProjectileAim;
				SDKROOT = macosx;
				SWIFT_EMIT_LOC_STRINGS = YES;
				SWIFT_VERSION = 5.0;
			};
			name = Debug;
		};
		AFAF942B27F3357E002EFFBA /* Release */ = {
			isa = XCBuildConfiguration;
			buildSettings = {
				ASSETCATALOG_COMPILER_APPICON_NAME = AppIcon;
				ASSETCATALOG_COMPILER_GLOBAL_ACCENT_COLOR_NAME = AccentColor;
				CODE_SIGN_ENTITLEMENTS = macOS/macOS.entitlements;
				CODE_SIGN_STYLE = Automatic;
				COMBINE_HIDPI_IMAGES = YES;
				CURRENT_PROJECT_VERSION = 1;
				ENABLE_PREVIEWS = YES;
				GENERATE_INFOPLIST_FILE = YES;
				INFOPLIST_KEY_NSHumanReadableCopyright = "";
				LD_RUNPATH_SEARCH_PATHS = (
					"$(inherited)",
					"@executable_path/../Frameworks",
				);
				MACOSX_DEPLOYMENT_TARGET = 12.3;
				MARKETING_VERSION = 1.0;
				PRODUCT_BUNDLE_IDENTIFIER = Project.ProjectileAim;
				PRODUCT_NAME = ProjectileAim;
				SDKROOT = macosx;
				SWIFT_EMIT_LOC_STRINGS = YES;
				SWIFT_VERSION = 5.0;
			};
			name = Release;
		};
		AFAF942D27F3357E002EFFBA /* Debug */ = {
			isa = XCBuildConfiguration;
			buildSettings = {
				ALWAYS_EMBED_SWIFT_STANDARD_LIBRARIES = YES;
				CODE_SIGN_STYLE = Automatic;
				CURRENT_PROJECT_VERSION = 1;
				GENERATE_INFOPLIST_FILE = YES;
				IPHONEOS_DEPLOYMENT_TARGET = 15.4;
				MARKETING_VERSION = 1.0;
				PRODUCT_BUNDLE_IDENTIFIER = "Project.Tests-iOS";
				PRODUCT_NAME = "$(TARGET_NAME)";
				SDKROOT = iphoneos;
				SWIFT_EMIT_LOC_STRINGS = NO;
				SWIFT_VERSION = 5.0;
				TARGETED_DEVICE_FAMILY = "1,2";
				TEST_TARGET_NAME = "ProjectileAim (iOS)";
			};
			name = Debug;
		};
		AFAF942E27F3357E002EFFBA /* Release */ = {
			isa = XCBuildConfiguration;
			buildSettings = {
				ALWAYS_EMBED_SWIFT_STANDARD_LIBRARIES = YES;
				CODE_SIGN_STYLE = Automatic;
				CURRENT_PROJECT_VERSION = 1;
				GENERATE_INFOPLIST_FILE = YES;
				IPHONEOS_DEPLOYMENT_TARGET = 15.4;
				MARKETING_VERSION = 1.0;
				PRODUCT_BUNDLE_IDENTIFIER = "Project.Tests-iOS";
				PRODUCT_NAME = "$(TARGET_NAME)";
				SDKROOT = iphoneos;
				SWIFT_EMIT_LOC_STRINGS = NO;
				SWIFT_VERSION = 5.0;
				TARGETED_DEVICE_FAMILY = "1,2";
				TEST_TARGET_NAME = "ProjectileAim (iOS)";
				VALIDATE_PRODUCT = YES;
			};
			name = Release;
		};
		AFAF943027F3357E002EFFBA /* Debug */ = {
			isa = XCBuildConfiguration;
			buildSettings = {
				ALWAYS_EMBED_SWIFT_STANDARD_LIBRARIES = YES;
				CODE_SIGN_STYLE = Automatic;
				CURRENT_PROJECT_VERSION = 1;
				GENERATE_INFOPLIST_FILE = YES;
				MACOSX_DEPLOYMENT_TARGET = 12.3;
				MARKETING_VERSION = 1.0;
				PRODUCT_BUNDLE_IDENTIFIER = "Project.Tests-macOS";
				PRODUCT_NAME = "$(TARGET_NAME)";
				SDKROOT = macosx;
				SWIFT_EMIT_LOC_STRINGS = NO;
				SWIFT_VERSION = 5.0;
				TEST_TARGET_NAME = "ProjectileAim (macOS)";
			};
			name = Debug;
		};
		AFAF943127F3357E002EFFBA /* Release */ = {
			isa = XCBuildConfiguration;
			buildSettings = {
				ALWAYS_EMBED_SWIFT_STANDARD_LIBRARIES = YES;
				CODE_SIGN_STYLE = Automatic;
				CURRENT_PROJECT_VERSION = 1;
				GENERATE_INFOPLIST_FILE = YES;
				MACOSX_DEPLOYMENT_TARGET = 12.3;
				MARKETING_VERSION = 1.0;
				PRODUCT_BUNDLE_IDENTIFIER = "Project.Tests-macOS";
				PRODUCT_NAME = "$(TARGET_NAME)";
				SDKROOT = macosx;
				SWIFT_EMIT_LOC_STRINGS = NO;
				SWIFT_VERSION = 5.0;
				TEST_TARGET_NAME = "ProjectileAim (macOS)";
			};
			name = Release;
		};
/* End XCBuildConfiguration section */

/* Begin XCConfigurationList section */
		AFAF93F427F3357B002EFFBA /* Build configuration list for PBXProject "ProjectileAim" */ = {
			isa = XCConfigurationList;
			buildConfigurations = (
				AFAF942427F3357E002EFFBA /* Debug */,
				AFAF942527F3357E002EFFBA /* Release */,
			);
			defaultConfigurationIsVisible = 0;
			defaultConfigurationName = Release;
		};
		AFAF942627F3357E002EFFBA /* Build configuration list for PBXNativeTarget "ProjectileAim (iOS)" */ = {
			isa = XCConfigurationList;
			buildConfigurations = (
				AFAF942727F3357E002EFFBA /* Debug */,
				AFAF942827F3357E002EFFBA /* Release */,
			);
			defaultConfigurationIsVisible = 0;
			defaultConfigurationName = Release;
		};
		AFAF942927F3357E002EFFBA /* Build configuration list for PBXNativeTarget "ProjectileAim (macOS)" */ = {
			isa = XCConfigurationList;
			buildConfigurations = (
				AFAF942A27F3357E002EFFBA /* Debug */,
				AFAF942B27F3357E002EFFBA /* Release */,
			);
			defaultConfigurationIsVisible = 0;
			defaultConfigurationName = Release;
		};
		AFAF942C27F3357E002EFFBA /* Build configuration list for PBXNativeTarget "Tests iOS" */ = {
			isa = XCConfigurationList;
			buildConfigurations = (
				AFAF942D27F3357E002EFFBA /* Debug */,
				AFAF942E27F3357E002EFFBA /* Release */,
			);
			defaultConfigurationIsVisible = 0;
			defaultConfigurationName = Release;
		};
		AFAF942F27F3357E002EFFBA /* Build configuration list for PBXNativeTarget "Tests macOS" */ = {
			isa = XCConfigurationList;
			buildConfigurations = (
				AFAF943027F3357E002EFFBA /* Debug */,
				AFAF943127F3357E002EFFBA /* Release */,
			);
			defaultConfigurationIsVisible = 0;
			defaultConfigurationName = Release;
		};
/* End XCConfigurationList section */
	};
	rootObject = AFAF93F127F3357B002EFFBA /* Project object */;
}
